
Microsoft Visual Studio Solution File, Format Version 12.00
# Visual Studio Version 17
VisualStudioVersion = 17.3.32825.248
MinimumVisualStudioVersion = 10.0.40219.1
Project("{FAE04EC0-301F-11D3-BF4B-00C04F79EFBC}") = "ExerciciosSecaoQuatro", "ExerciciosSecaoQuatro\ExerciciosSecaoQuatro.csproj", "{9941734E-B9C4-4D44-8C1A-23377E524A42}"
EndProject
Global
	GlobalSection(SolutionConfigurationPlatforms) = preSolution
		Debug|Any CPU = Debug|Any CPU
		Release|Any CPU = Release|Any CPU
	EndGlobalSection
	GlobalSection(ProjectConfigurationPlatforms) = postSolution
		{9941734E-B9C4-4D44-8C1A-23377E524A42}.Debug|Any CPU.ActiveCfg = Debug|Any CPU
		{9941734E-B9C4-4D44-8C1A-23377E524A42}.Debug|Any CPU.Build.0 = Debug|Any CPU
		{9941734E-B9C4-4D44-8C1A-23377E524A42}.Release|Any CPU.ActiveCfg = Release|Any CPU
		{9941734E-B9C4-4D44-8C1A-23377E524A42}.Release|Any CPU.Build.0 = Release|Any CPU
	EndGlobalSection
	GlobalSection(SolutionProperties) = preSolution
		HideSolutionNode = FALSE
	EndGlobalSection
	GlobalSection(ExtensibilityGlobals) = postSolution
		SolutionGuid = {B40C274C-1060-458F-8672-55E4E0983351}
	EndGlobalSection
EndGlobal
