
Microsoft Visual Studio Solution File, Format Version 12.00
# Visual Studio 15
VisualStudioVersion = 15.0.33026.149
MinimumVisualStudioVersion = 10.0.40219.1
Project("{FAE04EC0-301F-11D3-BF4B-00C04F79EFBC}") = "Comparison", "Course\Comparison.csproj", "{93442421-0268-4B9F-A51B-835160B46FE8}"
EndProject
Project("{FAE04EC0-301F-11D3-BF4B-00C04F79EFBC}") = "Delegates", "Delegates\Delegates.csproj", "{FB08C254-F9A4-4ACD-BAE7-B84E9C72F5C8}"
EndProject
Project("{FAE04EC0-301F-11D3-BF4B-00C04F79EFBC}") = "Predicate", "Predicate\Predicate.csproj", "{1E970AE5-1FEB-46C1-A74D-416699B79512}"
EndProject
Project("{FAE04EC0-301F-11D3-BF4B-00C04F79EFBC}") = "Action", "Action\Action.csproj", "{C93504C8-5ACE-4403-B722-D525B367358F}"
EndProject
Project("{FAE04EC0-301F-11D3-BF4B-00C04F79EFBC}") = "Func", "Func\Func.csproj", "{5CBA3E60-75FC-43BE-B863-06A8366341FD}"
EndProject
Project("{FAE04EC0-301F-11D3-BF4B-00C04F79EFBC}") = "Linq", "Linq\Linq.csproj", "{C6F01884-6E05-421D-8162-448EBDCCB3F9}"
EndProject
Project("{FAE04EC0-301F-11D3-BF4B-00C04F79EFBC}") = "LinqWithLambda", "LinqWithLambda\LinqWithLambda.csproj", "{C0341598-39E7-4AA8-9D22-559D1413BF9A}"
EndProject
Project("{FAE04EC0-301F-11D3-BF4B-00C04F79EFBC}") = "Exercise01", "Exercise01\Exercise01.csproj", "{F134707F-D455-472A-A8F1-46E5653A2982}"
EndProject
Global
	GlobalSection(SolutionConfigurationPlatforms) = preSolution
		Debug|Any CPU = Debug|Any CPU
		Release|Any CPU = Release|Any CPU
	EndGlobalSection
	GlobalSection(ProjectConfigurationPlatforms) = postSolution
		{93442421-0268-4B9F-A51B-835160B46FE8}.Debug|Any CPU.ActiveCfg = Debug|Any CPU
		{93442421-0268-4B9F-A51B-835160B46FE8}.Debug|Any CPU.Build.0 = Debug|Any CPU
		{93442421-0268-4B9F-A51B-835160B46FE8}.Release|Any CPU.ActiveCfg = Release|Any CPU
		{93442421-0268-4B9F-A51B-835160B46FE8}.Release|Any CPU.Build.0 = Release|Any CPU
		{FB08C254-F9A4-4ACD-BAE7-B84E9C72F5C8}.Debug|Any CPU.ActiveCfg = Debug|Any CPU
		{FB08C254-F9A4-4ACD-BAE7-B84E9C72F5C8}.Debug|Any CPU.Build.0 = Debug|Any CPU
		{FB08C254-F9A4-4ACD-BAE7-B84E9C72F5C8}.Release|Any CPU.ActiveCfg = Release|Any CPU
		{FB08C254-F9A4-4ACD-BAE7-B84E9C72F5C8}.Release|Any CPU.Build.0 = Release|Any CPU
		{1E970AE5-1FEB-46C1-A74D-416699B79512}.Debug|Any CPU.ActiveCfg = Debug|Any CPU
		{1E970AE5-1FEB-46C1-A74D-416699B79512}.Debug|Any CPU.Build.0 = Debug|Any CPU
		{1E970AE5-1FEB-46C1-A74D-416699B79512}.Release|Any CPU.ActiveCfg = Release|Any CPU
		{1E970AE5-1FEB-46C1-A74D-416699B79512}.Release|Any CPU.Build.0 = Release|Any CPU
		{C93504C8-5ACE-4403-B722-D525B367358F}.Debug|Any CPU.ActiveCfg = Debug|Any CPU
		{C93504C8-5ACE-4403-B722-D525B367358F}.Debug|Any CPU.Build.0 = Debug|Any CPU
		{C93504C8-5ACE-4403-B722-D525B367358F}.Release|Any CPU.ActiveCfg = Release|Any CPU
		{C93504C8-5ACE-4403-B722-D525B367358F}.Release|Any CPU.Build.0 = Release|Any CPU
		{5CBA3E60-75FC-43BE-B863-06A8366341FD}.Debug|Any CPU.ActiveCfg = Debug|Any CPU
		{5CBA3E60-75FC-43BE-B863-06A8366341FD}.Debug|Any CPU.Build.0 = Debug|Any CPU
		{5CBA3E60-75FC-43BE-B863-06A8366341FD}.Release|Any CPU.ActiveCfg = Release|Any CPU
		{5CBA3E60-75FC-43BE-B863-06A8366341FD}.Release|Any CPU.Build.0 = Release|Any CPU
		{C6F01884-6E05-421D-8162-448EBDCCB3F9}.Debug|Any CPU.ActiveCfg = Debug|Any CPU
		{C6F01884-6E05-421D-8162-448EBDCCB3F9}.Debug|Any CPU.Build.0 = Debug|Any CPU
		{C6F01884-6E05-421D-8162-448EBDCCB3F9}.Release|Any CPU.ActiveCfg = Release|Any CPU
		{C6F01884-6E05-421D-8162-448EBDCCB3F9}.Release|Any CPU.Build.0 = Release|Any CPU
		{C0341598-39E7-4AA8-9D22-559D1413BF9A}.Debug|Any CPU.ActiveCfg = Debug|Any CPU
		{C0341598-39E7-4AA8-9D22-559D1413BF9A}.Debug|Any CPU.Build.0 = Debug|Any CPU
		{C0341598-39E7-4AA8-9D22-559D1413BF9A}.Release|Any CPU.ActiveCfg = Release|Any CPU
		{C0341598-39E7-4AA8-9D22-559D1413BF9A}.Release|Any CPU.Build.0 = Release|Any CPU
		{F134707F-D455-472A-A8F1-46E5653A2982}.Debug|Any CPU.ActiveCfg = Debug|Any CPU
		{F134707F-D455-472A-A8F1-46E5653A2982}.Debug|Any CPU.Build.0 = Debug|Any CPU
		{F134707F-D455-472A-A8F1-46E5653A2982}.Release|Any CPU.ActiveCfg = Release|Any CPU
		{F134707F-D455-472A-A8F1-46E5653A2982}.Release|Any CPU.Build.0 = Release|Any CPU
	EndGlobalSection
	GlobalSection(SolutionProperties) = preSolution
		HideSolutionNode = FALSE
	EndGlobalSection
	GlobalSection(ExtensibilityGlobals) = postSolution
		SolutionGuid = {D6829635-CC09-45AC-B2E8-26EF5FCD78CB}
	EndGlobalSection
EndGlobal
