
Microsoft Visual Studio Solution File, Format Version 12.00
# Visual Studio 15
VisualStudioVersion = 15.0.33026.149
MinimumVisualStudioVersion = 10.0.40219.1
Project("{FAE04EC0-301F-11D3-BF4B-00C04F79EFBC}") = "Comparison", "Course\Comparison.csproj", "{93442421-0268-4B9F-A51B-835160B46FE8}"
EndProject
Project("{FAE04EC0-301F-11D3-BF4B-00C04F79EFBC}") = "Delegates", "Delegates\Delegates.csproj", "{FB08C254-F9A4-4ACD-BAE7-B84E9C72F5C8}"
EndProject
Global
	GlobalSection(SolutionConfigurationPlatforms) = preSolution
		Debug|Any CPU = Debug|Any CPU
		Release|Any CPU = Release|Any CPU
	EndGlobalSection
	GlobalSection(ProjectConfigurationPlatforms) = postSolution
		{93442421-0268-4B9F-A51B-835160B46FE8}.Debug|Any CPU.ActiveCfg = Debug|Any CPU
		{93442421-0268-4B9F-A51B-835160B46FE8}.Debug|Any CPU.Build.0 = Debug|Any CPU
		{93442421-0268-4B9F-A51B-835160B46FE8}.Release|Any CPU.ActiveCfg = Release|Any CPU
		{93442421-0268-4B9F-A51B-835160B46FE8}.Release|Any CPU.Build.0 = Release|Any CPU
		{FB08C254-F9A4-4ACD-BAE7-B84E9C72F5C8}.Debug|Any CPU.ActiveCfg = Debug|Any CPU
		{FB08C254-F9A4-4ACD-BAE7-B84E9C72F5C8}.Debug|Any CPU.Build.0 = Debug|Any CPU
		{FB08C254-F9A4-4ACD-BAE7-B84E9C72F5C8}.Release|Any CPU.ActiveCfg = Release|Any CPU
		{FB08C254-F9A4-4ACD-BAE7-B84E9C72F5C8}.Release|Any CPU.Build.0 = Release|Any CPU
	EndGlobalSection
	GlobalSection(SolutionProperties) = preSolution
		HideSolutionNode = FALSE
	EndGlobalSection
	GlobalSection(ExtensibilityGlobals) = postSolution
		SolutionGuid = {D6829635-CC09-45AC-B2E8-26EF5FCD78CB}
	EndGlobalSection
EndGlobal
